// !$*UTF8*$!
{
	archiveVersion = 1;
	classes = {
	};
	objectVersion = 56;
	objects = {

/* Begin PBXBuildFile section */
		4B0464D829B68A5100E17CD5 /* Message_page.swift in Sources */ = {isa = PBXBuildFile; fileRef = 4B0464D729B68A5100E17CD5 /* Message_page.swift */; };
		4B0D321029A6D57E00689776 /* GoogleService-Info.plist in Resources */ = {isa = PBXBuildFile; fileRef = 4B0D320F29A6D57E00689776 /* GoogleService-Info.plist */; };
		4B0D321229A6D8BF00689776 /* FirebaseAuthCombine-Community in Frameworks */ = {isa = PBXBuildFile; productRef = 4B0D321129A6D8BF00689776 /* FirebaseAuthCombine-Community */; };
		4B1EBA8429A65996005DD519 /* Chat_AppApp.swift in Sources */ = {isa = PBXBuildFile; fileRef = 4B1EBA8329A65996005DD519 /* Chat_AppApp.swift */; };
		4B1EBA8629A65996005DD519 /* ContentView.swift in Sources */ = {isa = PBXBuildFile; fileRef = 4B1EBA8529A65996005DD519 /* ContentView.swift */; };
		4B1EBA8829A65997005DD519 /* Assets.xcassets in Resources */ = {isa = PBXBuildFile; fileRef = 4B1EBA8729A65997005DD519 /* Assets.xcassets */; };
		4B1EBA8B29A65997005DD519 /* Preview Assets.xcassets in Resources */ = {isa = PBXBuildFile; fileRef = 4B1EBA8A29A65997005DD519 /* Preview Assets.xcassets */; };
		4B1EBA9529A65997005DD519 /* Chat_AppTests.swift in Sources */ = {isa = PBXBuildFile; fileRef = 4B1EBA9429A65997005DD519 /* Chat_AppTests.swift */; };
		4B1EBA9F29A65997005DD519 /* Chat_AppUITests.swift in Sources */ = {isa = PBXBuildFile; fileRef = 4B1EBA9E29A65997005DD519 /* Chat_AppUITests.swift */; };
		4B1EBAA129A65997005DD519 /* Chat_AppUITestsLaunchTests.swift in Sources */ = {isa = PBXBuildFile; fileRef = 4B1EBAA029A65997005DD519 /* Chat_AppUITestsLaunchTests.swift */; };
		4B1EBAAE29A659F7005DD519 /* LoginView.swift in Sources */ = {isa = PBXBuildFile; fileRef = 4B1EBAAD29A659F7005DD519 /* LoginView.swift */; };
		4B1EBAB029A65A12005DD519 /* DashboardView.swift in Sources */ = {isa = PBXBuildFile; fileRef = 4B1EBAAF29A65A12005DD519 /* DashboardView.swift */; };
		4B52E25029A6EB8100A5A6C1 /* Ultra-Regular.ttf in Resources */ = {isa = PBXBuildFile; fileRef = 4B52E24F29A6EB8100A5A6C1 /* Ultra-Regular.ttf */; };
		4B52E25129A6EB8100A5A6C1 /* Ultra-Regular.ttf in Resources */ = {isa = PBXBuildFile; fileRef = 4B52E24F29A6EB8100A5A6C1 /* Ultra-Regular.ttf */; };
		4B65937429B766FA0063A58E /* Data_load_story.swift in Sources */ = {isa = PBXBuildFile; fileRef = 4B65937329B766FA0063A58E /* Data_load_story.swift */; };
		4B65937629B76B0D0063A58E /* data_story.json in Resources */ = {isa = PBXBuildFile; fileRef = 4B65937529B76B0D0063A58E /* data_story.json */; };
		4B65937829B780AD0063A58E /* Story_view.swift in Sources */ = {isa = PBXBuildFile; fileRef = 4B65937729B780AD0063A58E /* Story_view.swift */; };
		4B7895A829A7F8CD00DC5510 /* TopView.swift in Sources */ = {isa = PBXBuildFile; fileRef = 4B7895A729A7F8CD00DC5510 /* TopView.swift */; };
		4BC15DB429A6BD8B006CCE26 /* UserVeryfication.swift in Sources */ = {isa = PBXBuildFile; fileRef = 4BC15DB329A6BD8B006CCE26 /* UserVeryfication.swift */; };
		4BC15DB729A6C50B006CCE26 /* FirebaseAnalytics in Frameworks */ = {isa = PBXBuildFile; productRef = 4BC15DB629A6C50B006CCE26 /* FirebaseAnalytics */; };
		4BC15DB929A6C50B006CCE26 /* FirebaseAuth in Frameworks */ = {isa = PBXBuildFile; productRef = 4BC15DB829A6C50B006CCE26 /* FirebaseAuth */; };
		4BC15DBB29A6C50B006CCE26 /* FirebaseDatabase in Frameworks */ = {isa = PBXBuildFile; productRef = 4BC15DBA29A6C50B006CCE26 /* FirebaseDatabase */; };
		4BC15DBD29A6C50B006CCE26 /* FirebaseFirestore in Frameworks */ = {isa = PBXBuildFile; productRef = 4BC15DBC29A6C50B006CCE26 /* FirebaseFirestore */; };
		4BC15DBF29A6C50B006CCE26 /* FirebaseStorage in Frameworks */ = {isa = PBXBuildFile; productRef = 4BC15DBE29A6C50B006CCE26 /* FirebaseStorage */; };
		4BF85FC429B673D50006D2BF /* User_list.swift in Sources */ = {isa = PBXBuildFile; fileRef = 4BF85FC329B673D50006D2BF /* User_list.swift */; };
/* End PBXBuildFile section */

/* Begin PBXContainerItemProxy section */
		4B1EBA9129A65997005DD519 /* PBXContainerItemProxy */ = {
			isa = PBXContainerItemProxy;
			containerPortal = 4B1EBA7829A65996005DD519 /* Project object */;
			proxyType = 1;
			remoteGlobalIDString = 4B1EBA7F29A65996005DD519;
			remoteInfo = Chat_App;
		};
		4B1EBA9B29A65997005DD519 /* PBXContainerItemProxy */ = {
			isa = PBXContainerItemProxy;
			containerPortal = 4B1EBA7829A65996005DD519 /* Project object */;
			proxyType = 1;
			remoteGlobalIDString = 4B1EBA7F29A65996005DD519;
			remoteInfo = Chat_App;
		};
/* End PBXContainerItemProxy section */

/* Begin PBXFileReference section */
		4B0464D729B68A5100E17CD5 /* Message_page.swift */ = {isa = PBXFileReference; lastKnownFileType = sourcecode.swift; path = Message_page.swift; sourceTree = "<group>"; };
		4B0D320F29A6D57E00689776 /* GoogleService-Info.plist */ = {isa = PBXFileReference; fileEncoding = 4; lastKnownFileType = text.plist.xml; path = "GoogleService-Info.plist"; sourceTree = "<group>"; };
		4B1EBA8029A65996005DD519 /* Chat_App.app */ = {isa = PBXFileReference; explicitFileType = wrapper.application; includeInIndex = 0; path = Chat_App.app; sourceTree = BUILT_PRODUCTS_DIR; };
		4B1EBA8329A65996005DD519 /* Chat_AppApp.swift */ = {isa = PBXFileReference; lastKnownFileType = sourcecode.swift; path = Chat_AppApp.swift; sourceTree = "<group>"; };
		4B1EBA8529A65996005DD519 /* ContentView.swift */ = {isa = PBXFileReference; lastKnownFileType = sourcecode.swift; path = ContentView.swift; sourceTree = "<group>"; };
		4B1EBA8729A65997005DD519 /* Assets.xcassets */ = {isa = PBXFileReference; lastKnownFileType = folder.assetcatalog; path = Assets.xcassets; sourceTree = "<group>"; };
		4B1EBA8A29A65997005DD519 /* Preview Assets.xcassets */ = {isa = PBXFileReference; lastKnownFileType = folder.assetcatalog; path = "Preview Assets.xcassets"; sourceTree = "<group>"; };
		4B1EBA9029A65997005DD519 /* Chat_AppTests.xctest */ = {isa = PBXFileReference; explicitFileType = wrapper.cfbundle; includeInIndex = 0; path = Chat_AppTests.xctest; sourceTree = BUILT_PRODUCTS_DIR; };
		4B1EBA9429A65997005DD519 /* Chat_AppTests.swift */ = {isa = PBXFileReference; lastKnownFileType = sourcecode.swift; path = Chat_AppTests.swift; sourceTree = "<group>"; };
		4B1EBA9A29A65997005DD519 /* Chat_AppUITests.xctest */ = {isa = PBXFileReference; explicitFileType = wrapper.cfbundle; includeInIndex = 0; path = Chat_AppUITests.xctest; sourceTree = BUILT_PRODUCTS_DIR; };
		4B1EBA9E29A65997005DD519 /* Chat_AppUITests.swift */ = {isa = PBXFileReference; lastKnownFileType = sourcecode.swift; path = Chat_AppUITests.swift; sourceTree = "<group>"; };
		4B1EBAA029A65997005DD519 /* Chat_AppUITestsLaunchTests.swift */ = {isa = PBXFileReference; lastKnownFileType = sourcecode.swift; path = Chat_AppUITestsLaunchTests.swift; sourceTree = "<group>"; };
		4B1EBAAD29A659F7005DD519 /* LoginView.swift */ = {isa = PBXFileReference; lastKnownFileType = sourcecode.swift; path = LoginView.swift; sourceTree = "<group>"; };
		4B1EBAAF29A65A12005DD519 /* DashboardView.swift */ = {isa = PBXFileReference; lastKnownFileType = sourcecode.swift; path = DashboardView.swift; sourceTree = "<group>"; };
		4B52E24F29A6EB8100A5A6C1 /* Ultra-Regular.ttf */ = {isa = PBXFileReference; lastKnownFileType = file; path = "Ultra-Regular.ttf"; sourceTree = "<group>"; };
		4B52E25229A6ED9300A5A6C1 /* Chat-App-Info.plist */ = {isa = PBXFileReference; lastKnownFileType = text.plist; path = "Chat-App-Info.plist"; sourceTree = SOURCE_ROOT; };
		4B65937329B766FA0063A58E /* Data_load_story.swift */ = {isa = PBXFileReference; lastKnownFileType = sourcecode.swift; path = Data_load_story.swift; sourceTree = "<group>"; };
		4B65937529B76B0D0063A58E /* data_story.json */ = {isa = PBXFileReference; fileEncoding = 4; lastKnownFileType = text.json; path = data_story.json; sourceTree = "<group>"; };
		4B65937729B780AD0063A58E /* Story_view.swift */ = {isa = PBXFileReference; lastKnownFileType = sourcecode.swift; path = Story_view.swift; sourceTree = "<group>"; };
		4B7895A729A7F8CD00DC5510 /* TopView.swift */ = {isa = PBXFileReference; lastKnownFileType = sourcecode.swift; path = TopView.swift; sourceTree = "<group>"; };
		4BC15DB329A6BD8B006CCE26 /* UserVeryfication.swift */ = {isa = PBXFileReference; lastKnownFileType = sourcecode.swift; path = UserVeryfication.swift; sourceTree = "<group>"; };
		4BF85FC329B673D50006D2BF /* User_list.swift */ = {isa = PBXFileReference; lastKnownFileType = sourcecode.swift; path = User_list.swift; sourceTree = "<group>"; };
/* End PBXFileReference section */

/* Begin PBXFrameworksBuildPhase section */
		4B1EBA7D29A65996005DD519 /* Frameworks */ = {
			isa = PBXFrameworksBuildPhase;
			buildActionMask = 2147483647;
			files = (
				4BC15DBB29A6C50B006CCE26 /* FirebaseDatabase in Frameworks */,
				4B0D321229A6D8BF00689776 /* FirebaseAuthCombine-Community in Frameworks */,
				4BC15DBD29A6C50B006CCE26 /* FirebaseFirestore in Frameworks */,
				4BC15DB729A6C50B006CCE26 /* FirebaseAnalytics in Frameworks */,
				4BC15DBF29A6C50B006CCE26 /* FirebaseStorage in Frameworks */,
				4BC15DB929A6C50B006CCE26 /* FirebaseAuth in Frameworks */,
			);
			runOnlyForDeploymentPostprocessing = 0;
		};
		4B1EBA8D29A65997005DD519 /* Frameworks */ = {
			isa = PBXFrameworksBuildPhase;
			buildActionMask = 2147483647;
			files = (
			);
			runOnlyForDeploymentPostprocessing = 0;
		};
		4B1EBA9729A65997005DD519 /* Frameworks */ = {
			isa = PBXFrameworksBuildPhase;
			buildActionMask = 2147483647;
			files = (
			);
			runOnlyForDeploymentPostprocessing = 0;
		};
/* End PBXFrameworksBuildPhase section */

/* Begin PBXGroup section */
		4B1EBA7729A65996005DD519 = {
			isa = PBXGroup;
			children = (
				4B1EBA8229A65996005DD519 /* Chat_App */,
				4B1EBA9329A65997005DD519 /* Chat_AppTests */,
				4B1EBA9D29A65997005DD519 /* Chat_AppUITests */,
				4B1EBA8129A65996005DD519 /* Products */,
				4BC15DB529A6C50A006CCE26 /* Frameworks */,
			);
			sourceTree = "<group>";
		};
		4B1EBA8129A65996005DD519 /* Products */ = {
			isa = PBXGroup;
			children = (
				4B1EBA8029A65996005DD519 /* Chat_App.app */,
				4B1EBA9029A65997005DD519 /* Chat_AppTests.xctest */,
				4B1EBA9A29A65997005DD519 /* Chat_AppUITests.xctest */,
			);
			name = Products;
			sourceTree = "<group>";
		};
		4B1EBA8229A65996005DD519 /* Chat_App */ = {
			isa = PBXGroup;
			children = (
				4B52E25229A6ED9300A5A6C1 /* Chat-App-Info.plist */,
				4B52E24E29A6EB4C00A5A6C1 /* MyFonts */,
				4B0D320F29A6D57E00689776 /* GoogleService-Info.plist */,
				4B65937529B76B0D0063A58E /* data_story.json */,
				4B65937329B766FA0063A58E /* Data_load_story.swift */,
				4B1EBA8329A65996005DD519 /* Chat_AppApp.swift */,
				4B1EBA8529A65996005DD519 /* ContentView.swift */,
				4B1EBAAD29A659F7005DD519 /* LoginView.swift */,
				4BC15DB329A6BD8B006CCE26 /* UserVeryfication.swift */,
				4B1EBAAF29A65A12005DD519 /* DashboardView.swift */,
				4B65937729B780AD0063A58E /* Story_view.swift */,
				4B1EBA8729A65997005DD519 /* Assets.xcassets */,
				4B1EBA8929A65997005DD519 /* Preview Content */,
			);
			path = Chat_App;
			sourceTree = "<group>";
		};
		4B1EBA8929A65997005DD519 /* Preview Content */ = {
			isa = PBXGroup;
			children = (
				4B7895A729A7F8CD00DC5510 /* TopView.swift */,
				4BF85FC329B673D50006D2BF /* User_list.swift */,
				4B0464D729B68A5100E17CD5 /* Message_page.swift */,
				4B1EBA8A29A65997005DD519 /* Preview Assets.xcassets */,
			);
			path = "Preview Content";
			sourceTree = "<group>";
		};
		4B1EBA9329A65997005DD519 /* Chat_AppTests */ = {
			isa = PBXGroup;
			children = (
				4B1EBA9429A65997005DD519 /* Chat_AppTests.swift */,
			);
			path = Chat_AppTests;
			sourceTree = "<group>";
		};
		4B1EBA9D29A65997005DD519 /* Chat_AppUITests */ = {
			isa = PBXGroup;
			children = (
				4B1EBA9E29A65997005DD519 /* Chat_AppUITests.swift */,
				4B1EBAA029A65997005DD519 /* Chat_AppUITestsLaunchTests.swift */,
			);
			path = Chat_AppUITests;
			sourceTree = "<group>";
		};
		4B52E24E29A6EB4C00A5A6C1 /* MyFonts */ = {
			isa = PBXGroup;
			children = (
				4B52E24F29A6EB8100A5A6C1 /* Ultra-Regular.ttf */,
			);
			path = MyFonts;
			sourceTree = "<group>";
		};
		4BC15DB529A6C50A006CCE26 /* Frameworks */ = {
			isa = PBXGroup;
			children = (
			);
			name = Frameworks;
			sourceTree = "<group>";
		};
/* End PBXGroup section */

/* Begin PBXNativeTarget section */
		4B1EBA7F29A65996005DD519 /* Chat_App */ = {
			isa = PBXNativeTarget;
			buildConfigurationList = 4B1EBAA429A65997005DD519 /* Build configuration list for PBXNativeTarget "Chat_App" */;
			buildPhases = (
				4B1EBA7C29A65996005DD519 /* Sources */,
				4B1EBA7D29A65996005DD519 /* Frameworks */,
				4B1EBA7E29A65996005DD519 /* Resources */,
			);
			buildRules = (
			);
			dependencies = (
			);
			name = Chat_App;
			packageProductDependencies = (
				4BC15DB629A6C50B006CCE26 /* FirebaseAnalytics */,
				4BC15DB829A6C50B006CCE26 /* FirebaseAuth */,
				4BC15DBA29A6C50B006CCE26 /* FirebaseDatabase */,
				4BC15DBC29A6C50B006CCE26 /* FirebaseFirestore */,
				4BC15DBE29A6C50B006CCE26 /* FirebaseStorage */,
				4B0D321129A6D8BF00689776 /* FirebaseAuthCombine-Community */,
			);
			productName = Chat_App;
			productReference = 4B1EBA8029A65996005DD519 /* Chat_App.app */;
			productType = "com.apple.product-type.application";
		};
		4B1EBA8F29A65997005DD519 /* Chat_AppTests */ = {
			isa = PBXNativeTarget;
			buildConfigurationList = 4B1EBAA729A65997005DD519 /* Build configuration list for PBXNativeTarget "Chat_AppTests" */;
			buildPhases = (
				4B1EBA8C29A65997005DD519 /* Sources */,
				4B1EBA8D29A65997005DD519 /* Frameworks */,
				4B1EBA8E29A65997005DD519 /* Resources */,
			);
			buildRules = (
			);
			dependencies = (
				4B1EBA9229A65997005DD519 /* PBXTargetDependency */,
			);
			name = Chat_AppTests;
			productName = Chat_AppTests;
			productReference = 4B1EBA9029A65997005DD519 /* Chat_AppTests.xctest */;
			productType = "com.apple.product-type.bundle.unit-test";
		};
		4B1EBA9929A65997005DD519 /* Chat_AppUITests */ = {
			isa = PBXNativeTarget;
			buildConfigurationList = 4B1EBAAA29A65997005DD519 /* Build configuration list for PBXNativeTarget "Chat_AppUITests" */;
			buildPhases = (
				4B1EBA9629A65997005DD519 /* Sources */,
				4B1EBA9729A65997005DD519 /* Frameworks */,
				4B1EBA9829A65997005DD519 /* Resources */,
			);
			buildRules = (
			);
			dependencies = (
				4B1EBA9C29A65997005DD519 /* PBXTargetDependency */,
			);
			name = Chat_AppUITests;
			productName = Chat_AppUITests;
			productReference = 4B1EBA9A29A65997005DD519 /* Chat_AppUITests.xctest */;
			productType = "com.apple.product-type.bundle.ui-testing";
		};
/* End PBXNativeTarget section */

/* Begin PBXProject section */
		4B1EBA7829A65996005DD519 /* Project object */ = {
			isa = PBXProject;
			attributes = {
				BuildIndependentTargetsInParallel = 1;
				LastSwiftUpdateCheck = 1420;
				LastUpgradeCheck = 1420;
				TargetAttributes = {
					4B1EBA7F29A65996005DD519 = {
						CreatedOnToolsVersion = 14.2;
					};
					4B1EBA8F29A65997005DD519 = {
						CreatedOnToolsVersion = 14.2;
						TestTargetID = 4B1EBA7F29A65996005DD519;
					};
					4B1EBA9929A65997005DD519 = {
						CreatedOnToolsVersion = 14.2;
						TestTargetID = 4B1EBA7F29A65996005DD519;
					};
				};
			};
			buildConfigurationList = 4B1EBA7B29A65996005DD519 /* Build configuration list for PBXProject "Chat_App" */;
			compatibilityVersion = "Xcode 14.0";
			developmentRegion = en;
			hasScannedForEncodings = 0;
			knownRegions = (
				en,
				Base,
			);
			mainGroup = 4B1EBA7729A65996005DD519;
			packageReferences = (
				4B1EBAB329A65B09005DD519 /* XCRemoteSwiftPackageReference "firebase-ios-sdk" */,
			);
			productRefGroup = 4B1EBA8129A65996005DD519 /* Products */;
			projectDirPath = "";
			projectRoot = "";
			targets = (
				4B1EBA7F29A65996005DD519 /* Chat_App */,
				4B1EBA8F29A65997005DD519 /* Chat_AppTests */,
				4B1EBA9929A65997005DD519 /* Chat_AppUITests */,
			);
		};
/* End PBXProject section */

/* Begin PBXResourcesBuildPhase section */
		4B1EBA7E29A65996005DD519 /* Resources */ = {
			isa = PBXResourcesBuildPhase;
			buildActionMask = 2147483647;
			files = (
				4B52E25029A6EB8100A5A6C1 /* Ultra-Regular.ttf in Resources */,
				4B65937629B76B0D0063A58E /* data_story.json in Resources */,
				4B1EBA8B29A65997005DD519 /* Preview Assets.xcassets in Resources */,
				4B1EBA8829A65997005DD519 /* Assets.xcassets in Resources */,
				4B0D321029A6D57E00689776 /* GoogleService-Info.plist in Resources */,
			);
			runOnlyForDeploymentPostprocessing = 0;
		};
		4B1EBA8E29A65997005DD519 /* Resources */ = {
			isa = PBXResourcesBuildPhase;
			buildActionMask = 2147483647;
			files = (
				4B52E25129A6EB8100A5A6C1 /* Ultra-Regular.ttf in Resources */,
			);
			runOnlyForDeploymentPostprocessing = 0;
		};
		4B1EBA9829A65997005DD519 /* Resources */ = {
			isa = PBXResourcesBuildPhase;
			buildActionMask = 2147483647;
			files = (
			);
			runOnlyForDeploymentPostprocessing = 0;
		};
/* End PBXResourcesBuildPhase section */

/* Begin PBXSourcesBuildPhase section */
		4B1EBA7C29A65996005DD519 /* Sources */ = {
			isa = PBXSourcesBuildPhase;
			buildActionMask = 2147483647;
			files = (
				4B65937829B780AD0063A58E /* Story_view.swift in Sources */,
				4B1EBAAE29A659F7005DD519 /* LoginView.swift in Sources */,
				4B1EBAB029A65A12005DD519 /* DashboardView.swift in Sources */,
				4BC15DB429A6BD8B006CCE26 /* UserVeryfication.swift in Sources */,
				4B65937429B766FA0063A58E /* Data_load_story.swift in Sources */,
				4B1EBA8629A65996005DD519 /* ContentView.swift in Sources */,
				4B7895A829A7F8CD00DC5510 /* TopView.swift in Sources */,
				4BF85FC429B673D50006D2BF /* User_list.swift in Sources */,
				4B0464D829B68A5100E17CD5 /* Message_page.swift in Sources */,
				4B1EBA8429A65996005DD519 /* Chat_AppApp.swift in Sources */,
			);
			runOnlyForDeploymentPostprocessing = 0;
		};
		4B1EBA8C29A65997005DD519 /* Sources */ = {
			isa = PBXSourcesBuildPhase;
			buildActionMask = 2147483647;
			files = (
				4B1EBA9529A65997005DD519 /* Chat_AppTests.swift in Sources */,
			);
			runOnlyForDeploymentPostprocessing = 0;
		};
		4B1EBA9629A65997005DD519 /* Sources */ = {
			isa = PBXSourcesBuildPhase;
			buildActionMask = 2147483647;
			files = (
				4B1EBAA129A65997005DD519 /* Chat_AppUITestsLaunchTests.swift in Sources */,
				4B1EBA9F29A65997005DD519 /* Chat_AppUITests.swift in Sources */,
			);
			runOnlyForDeploymentPostprocessing = 0;
		};
/* End PBXSourcesBuildPhase section */

/* Begin PBXTargetDependency section */
		4B1EBA9229A65997005DD519 /* PBXTargetDependency */ = {
			isa = PBXTargetDependency;
			target = 4B1EBA7F29A65996005DD519 /* Chat_App */;
			targetProxy = 4B1EBA9129A65997005DD519 /* PBXContainerItemProxy */;
		};
		4B1EBA9C29A65997005DD519 /* PBXTargetDependency */ = {
			isa = PBXTargetDependency;
			target = 4B1EBA7F29A65996005DD519 /* Chat_App */;
			targetProxy = 4B1EBA9B29A65997005DD519 /* PBXContainerItemProxy */;
		};
/* End PBXTargetDependency section */

/* Begin XCBuildConfiguration section */
		4B1EBAA229A65997005DD519 /* Debug */ = {
			isa = XCBuildConfiguration;
			buildSettings = {
				ALWAYS_SEARCH_USER_PATHS = NO;
				CLANG_ANALYZER_NONNULL = YES;
				CLANG_ANALYZER_NUMBER_OBJECT_CONVERSION = YES_AGGRESSIVE;
				CLANG_CXX_LANGUAGE_STANDARD = "gnu++20";
				CLANG_ENABLE_MODULES = YES;
				CLANG_ENABLE_OBJC_ARC = YES;
				CLANG_ENABLE_OBJC_WEAK = YES;
				CLANG_WARN_BLOCK_CAPTURE_AUTORELEASING = YES;
				CLANG_WARN_BOOL_CONVERSION = YES;
				CLANG_WARN_COMMA = YES;
				CLANG_WARN_CONSTANT_CONVERSION = YES;
				CLANG_WARN_DEPRECATED_OBJC_IMPLEMENTATIONS = YES;
				CLANG_WARN_DIRECT_OBJC_ISA_USAGE = YES_ERROR;
				CLANG_WARN_DOCUMENTATION_COMMENTS = YES;
				CLANG_WARN_EMPTY_BODY = YES;
				CLANG_WARN_ENUM_CONVERSION = YES;
				CLANG_WARN_INFINITE_RECURSION = YES;
				CLANG_WARN_INT_CONVERSION = YES;
				CLANG_WARN_NON_LITERAL_NULL_CONVERSION = YES;
				CLANG_WARN_OBJC_IMPLICIT_RETAIN_SELF = YES;
				CLANG_WARN_OBJC_LITERAL_CONVERSION = YES;
				CLANG_WARN_OBJC_ROOT_CLASS = YES_ERROR;
				CLANG_WARN_QUOTED_INCLUDE_IN_FRAMEWORK_HEADER = YES;
				CLANG_WARN_RANGE_LOOP_ANALYSIS = YES;
				CLANG_WARN_STRICT_PROTOTYPES = YES;
				CLANG_WARN_SUSPICIOUS_MOVE = YES;
				CLANG_WARN_UNGUARDED_AVAILABILITY = YES_AGGRESSIVE;
				CLANG_WARN_UNREACHABLE_CODE = YES;
				CLANG_WARN__DUPLICATE_METHOD_MATCH = YES;
				COPY_PHASE_STRIP = NO;
				DEBUG_INFORMATION_FORMAT = dwarf;
				ENABLE_STRICT_OBJC_MSGSEND = YES;
				ENABLE_TESTABILITY = YES;
				GCC_C_LANGUAGE_STANDARD = gnu11;
				GCC_DYNAMIC_NO_PIC = NO;
				GCC_NO_COMMON_BLOCKS = YES;
				GCC_OPTIMIZATION_LEVEL = 0;
				GCC_PREPROCESSOR_DEFINITIONS = (
					"DEBUG=1",
					"$(inherited)",
				);
				GCC_WARN_64_TO_32_BIT_CONVERSION = YES;
				GCC_WARN_ABOUT_RETURN_TYPE = YES_ERROR;
				GCC_WARN_UNDECLARED_SELECTOR = YES;
				GCC_WARN_UNINITIALIZED_AUTOS = YES_AGGRESSIVE;
				GCC_WARN_UNUSED_FUNCTION = YES;
				GCC_WARN_UNUSED_VARIABLE = YES;
				IPHONEOS_DEPLOYMENT_TARGET = 16.2;
				MTL_ENABLE_DEBUG_INFO = INCLUDE_SOURCE;
				MTL_FAST_MATH = YES;
				ONLY_ACTIVE_ARCH = YES;
				SDKROOT = iphoneos;
				SWIFT_ACTIVE_COMPILATION_CONDITIONS = DEBUG;
				SWIFT_OPTIMIZATION_LEVEL = "-Onone";
			};
			name = Debug;
		};
		4B1EBAA329A65997005DD519 /* Release */ = {
			isa = XCBuildConfiguration;
			buildSettings = {
				ALWAYS_SEARCH_USER_PATHS = NO;
				CLANG_ANALYZER_NONNULL = YES;
				CLANG_ANALYZER_NUMBER_OBJECT_CONVERSION = YES_AGGRESSIVE;
				CLANG_CXX_LANGUAGE_STANDARD = "gnu++20";
				CLANG_ENABLE_MODULES = YES;
				CLANG_ENABLE_OBJC_ARC = YES;
				CLANG_ENABLE_OBJC_WEAK = YES;
				CLANG_WARN_BLOCK_CAPTURE_AUTORELEASING = YES;
				CLANG_WARN_BOOL_CONVERSION = YES;
				CLANG_WARN_COMMA = YES;
				CLANG_WARN_CONSTANT_CONVERSION = YES;
				CLANG_WARN_DEPRECATED_OBJC_IMPLEMENTATIONS = YES;
				CLANG_WARN_DIRECT_OBJC_ISA_USAGE = YES_ERROR;
				CLANG_WARN_DOCUMENTATION_COMMENTS = YES;
				CLANG_WARN_EMPTY_BODY = YES;
				CLANG_WARN_ENUM_CONVERSION = YES;
				CLANG_WARN_INFINITE_RECURSION = YES;
				CLANG_WARN_INT_CONVERSION = YES;
				CLANG_WARN_NON_LITERAL_NULL_CONVERSION = YES;
				CLANG_WARN_OBJC_IMPLICIT_RETAIN_SELF = YES;
				CLANG_WARN_OBJC_LITERAL_CONVERSION = YES;
				CLANG_WARN_OBJC_ROOT_CLASS = YES_ERROR;
				CLANG_WARN_QUOTED_INCLUDE_IN_FRAMEWORK_HEADER = YES;
				CLANG_WARN_RANGE_LOOP_ANALYSIS = YES;
				CLANG_WARN_STRICT_PROTOTYPES = YES;
				CLANG_WARN_SUSPICIOUS_MOVE = YES;
				CLANG_WARN_UNGUARDED_AVAILABILITY = YES_AGGRESSIVE;
				CLANG_WARN_UNREACHABLE_CODE = YES;
				CLANG_WARN__DUPLICATE_METHOD_MATCH = YES;
				COPY_PHASE_STRIP = NO;
				DEBUG_INFORMATION_FORMAT = "dwarf-with-dsym";
				ENABLE_NS_ASSERTIONS = NO;
				ENABLE_STRICT_OBJC_MSGSEND = YES;
				GCC_C_LANGUAGE_STANDARD = gnu11;
				GCC_NO_COMMON_BLOCKS = YES;
				GCC_WARN_64_TO_32_BIT_CONVERSION = YES;
				GCC_WARN_ABOUT_RETURN_TYPE = YES_ERROR;
				GCC_WARN_UNDECLARED_SELECTOR = YES;
				GCC_WARN_UNINITIALIZED_AUTOS = YES_AGGRESSIVE;
				GCC_WARN_UNUSED_FUNCTION = YES;
				GCC_WARN_UNUSED_VARIABLE = YES;
				IPHONEOS_DEPLOYMENT_TARGET = 16.2;
				MTL_ENABLE_DEBUG_INFO = NO;
				MTL_FAST_MATH = YES;
				SDKROOT = iphoneos;
				SWIFT_COMPILATION_MODE = wholemodule;
				SWIFT_OPTIMIZATION_LEVEL = "-O";
				VALIDATE_PRODUCT = YES;
			};
			name = Release;
		};
		4B1EBAA529A65997005DD519 /* Debug */ = {
			isa = XCBuildConfiguration;
			buildSettings = {
				ASSETCATALOG_COMPILER_APPICON_NAME = AppIcon;
				ASSETCATALOG_COMPILER_GLOBAL_ACCENT_COLOR_NAME = AccentColor;
				CODE_SIGN_STYLE = Automatic;
				CURRENT_PROJECT_VERSION = 1;
				DEVELOPMENT_ASSET_PATHS = "\"Chat_App/Preview Content\"";
				DEVELOPMENT_TEAM = F2T49X6C53;
				ENABLE_PREVIEWS = YES;
				GENERATE_INFOPLIST_FILE = YES;
				INFOPLIST_FILE = "Chat-App-Info.plist";
				INFOPLIST_KEY_UIApplicationSceneManifest_Generation = YES;
				INFOPLIST_KEY_UIApplicationSupportsIndirectInputEvents = YES;
				INFOPLIST_KEY_UILaunchScreen_Generation = YES;
				INFOPLIST_KEY_UISupportedInterfaceOrientations_iPad = "UIInterfaceOrientationPortrait UIInterfaceOrientationPortraitUpsideDown UIInterfaceOrientationLandscapeLeft UIInterfaceOrientationLandscapeRight";
				INFOPLIST_KEY_UISupportedInterfaceOrientations_iPhone = "UIInterfaceOrientationPortrait UIInterfaceOrientationLandscapeLeft UIInterfaceOrientationLandscapeRight";
				LD_RUNPATH_SEARCH_PATHS = (
					"$(inherited)",
					"@executable_path/Frameworks",
				);
				MARKETING_VERSION = 1.0;
				PRODUCT_BUNDLE_IDENTIFIER = "Mateusz.Chat-App";
				PRODUCT_NAME = "$(TARGET_NAME)";
				SWIFT_EMIT_LOC_STRINGS = YES;
				SWIFT_VERSION = 5.0;
				TARGETED_DEVICE_FAMILY = "1,2";
			};
			name = Debug;
		};
		4B1EBAA629A65997005DD519 /* Release */ = {
			isa = XCBuildConfiguration;
			buildSettings = {
				ASSETCATALOG_COMPILER_APPICON_NAME = AppIcon;
				ASSETCATALOG_COMPILER_GLOBAL_ACCENT_COLOR_NAME = AccentColor;
				CODE_SIGN_STYLE = Automatic;
				CURRENT_PROJECT_VERSION = 1;
				DEVELOPMENT_ASSET_PATHS = "\"Chat_App/Preview Content\"";
				DEVELOPMENT_TEAM = F2T49X6C53;
				ENABLE_PREVIEWS = YES;
				GENERATE_INFOPLIST_FILE = YES;
				INFOPLIST_FILE = "Chat-App-Info.plist";
				INFOPLIST_KEY_UIApplicationSceneManifest_Generation = YES;
				INFOPLIST_KEY_UIApplicationSupportsIndirectInputEvents = YES;
				INFOPLIST_KEY_UILaunchScreen_Generation = YES;
				INFOPLIST_KEY_UISupportedInterfaceOrientations_iPad = "UIInterfaceOrientationPortrait UIInterfaceOrientationPortraitUpsideDown UIInterfaceOrientationLandscapeLeft UIInterfaceOrientationLandscapeRight";
				INFOPLIST_KEY_UISupportedInterfaceOrientations_iPhone = "UIInterfaceOrientationPortrait UIInterfaceOrientationLandscapeLeft UIInterfaceOrientationLandscapeRight";
				LD_RUNPATH_SEARCH_PATHS = (
					"$(inherited)",
					"@executable_path/Frameworks",
				);
				MARKETING_VERSION = 1.0;
				PRODUCT_BUNDLE_IDENTIFIER = "Mateusz.Chat-App";
				PRODUCT_NAME = "$(TARGET_NAME)";
				SWIFT_EMIT_LOC_STRINGS = YES;
				SWIFT_VERSION = 5.0;
				TARGETED_DEVICE_FAMILY = "1,2";
			};
			name = Release;
		};
		4B1EBAA829A65997005DD519 /* Debug */ = {
			isa = XCBuildConfiguration;
			buildSettings = {
				ALWAYS_EMBED_SWIFT_STANDARD_LIBRARIES = YES;
				BUNDLE_LOADER = "$(TEST_HOST)";
				CODE_SIGN_STYLE = Automatic;
				CURRENT_PROJECT_VERSION = 1;
				DEVELOPMENT_TEAM = F2T49X6C53;
				GENERATE_INFOPLIST_FILE = YES;
				IPHONEOS_DEPLOYMENT_TARGET = 16.2;
				MARKETING_VERSION = 1.0;
				PRODUCT_BUNDLE_IDENTIFIER = "Mateusz.Chat-AppTests";
				PRODUCT_NAME = "$(TARGET_NAME)";
				SWIFT_EMIT_LOC_STRINGS = NO;
				SWIFT_VERSION = 5.0;
				TARGETED_DEVICE_FAMILY = "1,2";
				TEST_HOST = "$(BUILT_PRODUCTS_DIR)/Chat_App.app/$(BUNDLE_EXECUTABLE_FOLDER_PATH)/Chat_App";
			};
			name = Debug;
		};
		4B1EBAA929A65997005DD519 /* Release */ = {
			isa = XCBuildConfiguration;
			buildSettings = {
				ALWAYS_EMBED_SWIFT_STANDARD_LIBRARIES = YES;
				BUNDLE_LOADER = "$(TEST_HOST)";
				CODE_SIGN_STYLE = Automatic;
				CURRENT_PROJECT_VERSION = 1;
				DEVELOPMENT_TEAM = F2T49X6C53;
				GENERATE_INFOPLIST_FILE = YES;
				IPHONEOS_DEPLOYMENT_TARGET = 16.2;
				MARKETING_VERSION = 1.0;
				PRODUCT_BUNDLE_IDENTIFIER = "Mateusz.Chat-AppTests";
				PRODUCT_NAME = "$(TARGET_NAME)";
				SWIFT_EMIT_LOC_STRINGS = NO;
				SWIFT_VERSION = 5.0;
				TARGETED_DEVICE_FAMILY = "1,2";
				TEST_HOST = "$(BUILT_PRODUCTS_DIR)/Chat_App.app/$(BUNDLE_EXECUTABLE_FOLDER_PATH)/Chat_App";
			};
			name = Release;
		};
		4B1EBAAB29A65997005DD519 /* Debug */ = {
			isa = XCBuildConfiguration;
			buildSettings = {
				ALWAYS_EMBED_SWIFT_STANDARD_LIBRARIES = YES;
				CODE_SIGN_STYLE = Automatic;
				CURRENT_PROJECT_VERSION = 1;
				DEVELOPMENT_TEAM = F2T49X6C53;
				GENERATE_INFOPLIST_FILE = YES;
				MARKETING_VERSION = 1.0;
				PRODUCT_BUNDLE_IDENTIFIER = "Mateusz.Chat-AppUITests";
				PRODUCT_NAME = "$(TARGET_NAME)";
				SWIFT_EMIT_LOC_STRINGS = NO;
				SWIFT_VERSION = 5.0;
				TARGETED_DEVICE_FAMILY = "1,2";
				TEST_TARGET_NAME = Chat_App;
			};
			name = Debug;
		};
		4B1EBAAC29A65997005DD519 /* Release */ = {
			isa = XCBuildConfiguration;
			buildSettings = {
				ALWAYS_EMBED_SWIFT_STANDARD_LIBRARIES = YES;
				CODE_SIGN_STYLE = Automatic;
				CURRENT_PROJECT_VERSION = 1;
				DEVELOPMENT_TEAM = F2T49X6C53;
				GENERATE_INFOPLIST_FILE = YES;
				MARKETING_VERSION = 1.0;
				PRODUCT_BUNDLE_IDENTIFIER = "Mateusz.Chat-AppUITests";
				PRODUCT_NAME = "$(TARGET_NAME)";
				SWIFT_EMIT_LOC_STRINGS = NO;
				SWIFT_VERSION = 5.0;
				TARGETED_DEVICE_FAMILY = "1,2";
				TEST_TARGET_NAME = Chat_App;
			};
			name = Release;
		};
/* End XCBuildConfiguration section */

/* Begin XCConfigurationList section */
		4B1EBA7B29A65996005DD519 /* Build configuration list for PBXProject "Chat_App" */ = {
			isa = XCConfigurationList;
			buildConfigurations = (
				4B1EBAA229A65997005DD519 /* Debug */,
				4B1EBAA329A65997005DD519 /* Release */,
			);
			defaultConfigurationIsVisible = 0;
			defaultConfigurationName = Release;
		};
		4B1EBAA429A65997005DD519 /* Build configuration list for PBXNativeTarget "Chat_App" */ = {
			isa = XCConfigurationList;
			buildConfigurations = (
				4B1EBAA529A65997005DD519 /* Debug */,
				4B1EBAA629A65997005DD519 /* Release */,
			);
			defaultConfigurationIsVisible = 0;
			defaultConfigurationName = Release;
		};
		4B1EBAA729A65997005DD519 /* Build configuration list for PBXNativeTarget "Chat_AppTests" */ = {
			isa = XCConfigurationList;
			buildConfigurations = (
				4B1EBAA829A65997005DD519 /* Debug */,
				4B1EBAA929A65997005DD519 /* Release */,
			);
			defaultConfigurationIsVisible = 0;
			defaultConfigurationName = Release;
		};
		4B1EBAAA29A65997005DD519 /* Build configuration list for PBXNativeTarget "Chat_AppUITests" */ = {
			isa = XCConfigurationList;
			buildConfigurations = (
				4B1EBAAB29A65997005DD519 /* Debug */,
				4B1EBAAC29A65997005DD519 /* Release */,
			);
			defaultConfigurationIsVisible = 0;
			defaultConfigurationName = Release;
		};
/* End XCConfigurationList section */

/* Begin XCRemoteSwiftPackageReference section */
		4B1EBAB329A65B09005DD519 /* XCRemoteSwiftPackageReference "firebase-ios-sdk" */ = {
			isa = XCRemoteSwiftPackageReference;
			repositoryURL = "https://github.com/firebase/firebase-ios-sdk";
			requirement = {
				kind = upToNextMajorVersion;
				minimumVersion = 9.0.0;
			};
		};
/* End XCRemoteSwiftPackageReference section */

/* Begin XCSwiftPackageProductDependency section */
		4B0D321129A6D8BF00689776 /* FirebaseAuthCombine-Community */ = {
			isa = XCSwiftPackageProductDependency;
			package = 4B1EBAB329A65B09005DD519 /* XCRemoteSwiftPackageReference "firebase-ios-sdk" */;
			productName = "FirebaseAuthCombine-Community";
		};
		4BC15DB629A6C50B006CCE26 /* FirebaseAnalytics */ = {
			isa = XCSwiftPackageProductDependency;
			package = 4B1EBAB329A65B09005DD519 /* XCRemoteSwiftPackageReference "firebase-ios-sdk" */;
			productName = FirebaseAnalytics;
		};
		4BC15DB829A6C50B006CCE26 /* FirebaseAuth */ = {
			isa = XCSwiftPackageProductDependency;
			package = 4B1EBAB329A65B09005DD519 /* XCRemoteSwiftPackageReference "firebase-ios-sdk" */;
			productName = FirebaseAuth;
		};
		4BC15DBA29A6C50B006CCE26 /* FirebaseDatabase */ = {
			isa = XCSwiftPackageProductDependency;
			package = 4B1EBAB329A65B09005DD519 /* XCRemoteSwiftPackageReference "firebase-ios-sdk" */;
			productName = FirebaseDatabase;
		};
		4BC15DBC29A6C50B006CCE26 /* FirebaseFirestore */ = {
			isa = XCSwiftPackageProductDependency;
			package = 4B1EBAB329A65B09005DD519 /* XCRemoteSwiftPackageReference "firebase-ios-sdk" */;
			productName = FirebaseFirestore;
		};
		4BC15DBE29A6C50B006CCE26 /* FirebaseStorage */ = {
			isa = XCSwiftPackageProductDependency;
			package = 4B1EBAB329A65B09005DD519 /* XCRemoteSwiftPackageReference "firebase-ios-sdk" */;
			productName = FirebaseStorage;
		};
/* End XCSwiftPackageProductDependency section */
	};
	rootObject = 4B1EBA7829A65996005DD519 /* Project object */;
}
